
Microsoft Visual Studio Solution File, Format Version 12.00
# Visual Studio Version 17
VisualStudioVersion = 17.4.33110.190
MinimumVisualStudioVersion = 10.0.40219.1
Project("{9A19103F-16F7-4668-BE54-9A1E7A4F7556}") = "ClassLibraryArea", "ClassLibraryArea\ClassLibraryArea.csproj", "{92033963-312E-43E2-889E-5169F77FF998}"
EndProject
Project("{9A19103F-16F7-4668-BE54-9A1E7A4F7556}") = "AreaLibrary", "AreaLibrary\AreaLibrary.csproj", "{6F8572EE-862E-4437-9388-D6FBCE947411}"
EndProject
Project("{9A19103F-16F7-4668-BE54-9A1E7A4F7556}") = "AreaGet", "AreaGet\AreaGet.csproj", "{6A0D4EB9-0A30-455F-96F2-C09B659EFB64}"
EndProject
Project("{FAE04EC0-301F-11D3-BF4B-00C04F79EFBC}") = "AreaTests", "AreaTests\AreaTests.csproj", "{5F3A2872-2FC1-498A-B602-D3F4AD3ACED8}"
EndProject
Global
	GlobalSection(SolutionConfigurationPlatforms) = preSolution
		Debug|Any CPU = Debug|Any CPU
		Release|Any CPU = Release|Any CPU
	EndGlobalSection
	GlobalSection(ProjectConfigurationPlatforms) = postSolution
		{92033963-312E-43E2-889E-5169F77FF998}.Debug|Any CPU.ActiveCfg = Debug|Any CPU
		{92033963-312E-43E2-889E-5169F77FF998}.Debug|Any CPU.Build.0 = Debug|Any CPU
		{92033963-312E-43E2-889E-5169F77FF998}.Release|Any CPU.ActiveCfg = Release|Any CPU
		{92033963-312E-43E2-889E-5169F77FF998}.Release|Any CPU.Build.0 = Release|Any CPU
		{6F8572EE-862E-4437-9388-D6FBCE947411}.Debug|Any CPU.ActiveCfg = Debug|Any CPU
		{6F8572EE-862E-4437-9388-D6FBCE947411}.Debug|Any CPU.Build.0 = Debug|Any CPU
		{6F8572EE-862E-4437-9388-D6FBCE947411}.Release|Any CPU.ActiveCfg = Release|Any CPU
		{6F8572EE-862E-4437-9388-D6FBCE947411}.Release|Any CPU.Build.0 = Release|Any CPU
		{6A0D4EB9-0A30-455F-96F2-C09B659EFB64}.Debug|Any CPU.ActiveCfg = Debug|Any CPU
		{6A0D4EB9-0A30-455F-96F2-C09B659EFB64}.Debug|Any CPU.Build.0 = Debug|Any CPU
		{6A0D4EB9-0A30-455F-96F2-C09B659EFB64}.Release|Any CPU.ActiveCfg = Release|Any CPU
		{6A0D4EB9-0A30-455F-96F2-C09B659EFB64}.Release|Any CPU.Build.0 = Release|Any CPU
		{5F3A2872-2FC1-498A-B602-D3F4AD3ACED8}.Debug|Any CPU.ActiveCfg = Debug|Any CPU
		{5F3A2872-2FC1-498A-B602-D3F4AD3ACED8}.Debug|Any CPU.Build.0 = Debug|Any CPU
		{5F3A2872-2FC1-498A-B602-D3F4AD3ACED8}.Release|Any CPU.ActiveCfg = Release|Any CPU
		{5F3A2872-2FC1-498A-B602-D3F4AD3ACED8}.Release|Any CPU.Build.0 = Release|Any CPU
	EndGlobalSection
	GlobalSection(SolutionProperties) = preSolution
		HideSolutionNode = FALSE
	EndGlobalSection
	GlobalSection(ExtensibilityGlobals) = postSolution
		SolutionGuid = {D32893E9-526F-4C89-AEEF-0D9D308B5E8D}
	EndGlobalSection
EndGlobal
